
Microsoft Visual Studio Solution File, Format Version 12.00
# Visual Studio Version 16
VisualStudioVersion = 16.0.28803.352
MinimumVisualStudioVersion = 10.0.40219.1
Project("{FAE04EC0-301F-11D3-BF4B-00C04F79EFBC}") = "DaysInMonth", "DaysInMonth\DaysInMonth.csproj", "{DEDCD73F-0E5B-4D36-BD32-25434C9154B9}"
EndProject
Global
	GlobalSection(SolutionConfigurationPlatforms) = preSolution
		Debug|Any CPU = Debug|Any CPU
		Release|Any CPU = Release|Any CPU
	EndGlobalSection
	GlobalSection(ProjectConfigurationPlatforms) = postSolution
		{DEDCD73F-0E5B-4D36-BD32-25434C9154B9}.Debug|Any CPU.ActiveCfg = Debug|Any CPU
		{DEDCD73F-0E5B-4D36-BD32-25434C9154B9}.Debug|Any CPU.Build.0 = Debug|Any CPU
		{DEDCD73F-0E5B-4D36-BD32-25434C9154B9}.Release|Any CPU.ActiveCfg = Release|Any CPU
		{DEDCD73F-0E5B-4D36-BD32-25434C9154B9}.Release|Any CPU.Build.0 = Release|Any CPU
	EndGlobalSection
	GlobalSection(SolutionProperties) = preSolution
		HideSolutionNode = FALSE
	EndGlobalSection
	GlobalSection(ExtensibilityGlobals) = postSolution
		SolutionGuid = {BE7BCD90-105F-4354-A5C0-05CD288921BD}
	EndGlobalSection
EndGlobal
